
Microsoft Visual Studio Solution File, Format Version 12.00
# Visual Studio Version 17
VisualStudioVersion = 17.0.31903.59
MinimumVisualStudioVersion = 10.0.40219.1
Project("{FAE04EC0-301F-11D3-BF4B-00C04F79EFBC}") = "Bookstore.API", "Bookstore.API\Bookstore.API.csproj", "{22D9243F-921C-4A91-B2DB-80F5D000553D}"
EndProject
Global
	GlobalSection(SolutionConfigurationPlatforms) = preSolution
		Debug|Any CPU = Debug|Any CPU
		Release|Any CPU = Release|Any CPU
	EndGlobalSection
	GlobalSection(SolutionProperties) = preSolution
		HideSolutionNode = FALSE
	EndGlobalSection
	GlobalSection(ProjectConfigurationPlatforms) = postSolution
		{22D9243F-921C-4A91-B2DB-80F5D000553D}.Debug|Any CPU.ActiveCfg = Debug|Any CPU
		{22D9243F-921C-4A91-B2DB-80F5D000553D}.Debug|Any CPU.Build.0 = Debug|Any CPU
		{22D9243F-921C-4A91-B2DB-80F5D000553D}.Release|Any CPU.ActiveCfg = Release|Any CPU
		{22D9243F-921C-4A91-B2DB-80F5D000553D}.Release|Any CPU.Build.0 = Release|Any CPU
	EndGlobalSection
EndGlobal
